
Microsoft Visual Studio Solution File, Format Version 12.00
# Visual Studio Version 16
VisualStudioVersion = 16.0.32002.261
MinimumVisualStudioVersion = 10.0.40219.1
Project("{8BC9CEB8-8B4A-11D0-8D11-00A0C91BC942}") = "WindowsTerminalShortcut", "WindowsTerminalShortcut\WindowsTerminalShortcut.vcxproj", "{FE976369-E6BE-4866-8011-0A3F7EEE2646}"
EndProject
Project("{930C7802-8A8C-48F9-8165-68863BCCD9DD}") = "WindowsTerminalShortcutSetup", "WindowsTerminalShortcutSetup\WindowsTerminalShortcutSetup.wixproj", "{E1AB274D-E42C-40B2-9EE8-F73FDE65BF31}"
EndProject
Global
	GlobalSection(SolutionConfigurationPlatforms) = preSolution
		Debug|ARM64 = Debug|ARM64
		Debug|x64 = Debug|x64
		Release|ARM64 = Release|ARM64
		Release|x64 = Release|x64
	EndGlobalSection
	GlobalSection(ProjectConfigurationPlatforms) = postSolution
		{FE976369-E6BE-4866-8011-0A3F7EEE2646}.Debug|ARM64.ActiveCfg = Debug|ARM64
		{FE976369-E6BE-4866-8011-0A3F7EEE2646}.Debug|ARM64.Build.0 = Debug|ARM64
		{FE976369-E6BE-4866-8011-0A3F7EEE2646}.Debug|x64.ActiveCfg = Debug|x64
		{FE976369-E6BE-4866-8011-0A3F7EEE2646}.Debug|x64.Build.0 = Debug|x64
		{FE976369-E6BE-4866-8011-0A3F7EEE2646}.Release|ARM64.ActiveCfg = Release|ARM64
		{FE976369-E6BE-4866-8011-0A3F7EEE2646}.Release|ARM64.Build.0 = Release|ARM64
		{FE976369-E6BE-4866-8011-0A3F7EEE2646}.Release|x64.ActiveCfg = Release|x64
		{FE976369-E6BE-4866-8011-0A3F7EEE2646}.Release|x64.Build.0 = Release|x64
		{E1AB274D-E42C-40B2-9EE8-F73FDE65BF31}.Debug|ARM64.ActiveCfg = Debug|arm64
		{E1AB274D-E42C-40B2-9EE8-F73FDE65BF31}.Debug|ARM64.Build.0 = Debug|arm64
		{E1AB274D-E42C-40B2-9EE8-F73FDE65BF31}.Debug|x64.ActiveCfg = Debug|x64
		{E1AB274D-E42C-40B2-9EE8-F73FDE65BF31}.Debug|x64.Build.0 = Debug|x64
		{E1AB274D-E42C-40B2-9EE8-F73FDE65BF31}.Release|ARM64.ActiveCfg = Release|arm64
		{E1AB274D-E42C-40B2-9EE8-F73FDE65BF31}.Release|ARM64.Build.0 = Release|arm64
		{E1AB274D-E42C-40B2-9EE8-F73FDE65BF31}.Release|x64.ActiveCfg = Release|x64
		{E1AB274D-E42C-40B2-9EE8-F73FDE65BF31}.Release|x64.Build.0 = Release|x64
	EndGlobalSection
	GlobalSection(SolutionProperties) = preSolution
		HideSolutionNode = FALSE
	EndGlobalSection
	GlobalSection(ExtensibilityGlobals) = postSolution
		SolutionGuid = {73DECD1E-D33B-4410-A54E-A3D30B3DBFFE}
	EndGlobalSection
EndGlobal
